
Microsoft Visual Studio Solution File, Format Version 12.00
# Visual Studio Version 16
VisualStudioVersion = 16.0.31729.503
MinimumVisualStudioVersion = 10.0.40219.1
Project("{FAE04EC0-301F-11D3-BF4B-00C04F79EFBC}") = "RankedPlaylist", "RankedPlaylist\RankedPlaylist.csproj", "{BDD9A6BA-EF18-4A5B-A396-7CDB3413A3A4}"
EndProject
Project("{FAE04EC0-301F-11D3-BF4B-00C04F79EFBC}") = "RankedPlaylistGenerator", "RankedPlaylistGenerator\RankedPlaylistGenerator.csproj", "{39793BCC-DED0-4ED4-A260-C752A0344608}"
EndProject
Global
	GlobalSection(SolutionConfigurationPlatforms) = preSolution
		Debug|Any CPU = Debug|Any CPU
		Release|Any CPU = Release|Any CPU
	EndGlobalSection
	GlobalSection(ProjectConfigurationPlatforms) = postSolution
		{BDD9A6BA-EF18-4A5B-A396-7CDB3413A3A4}.Debug|Any CPU.ActiveCfg = Debug|Any CPU
		{BDD9A6BA-EF18-4A5B-A396-7CDB3413A3A4}.Debug|Any CPU.Build.0 = Debug|Any CPU
		{BDD9A6BA-EF18-4A5B-A396-7CDB3413A3A4}.Release|Any CPU.ActiveCfg = Release|Any CPU
		{BDD9A6BA-EF18-4A5B-A396-7CDB3413A3A4}.Release|Any CPU.Build.0 = Release|Any CPU
		{39793BCC-DED0-4ED4-A260-C752A0344608}.Debug|Any CPU.ActiveCfg = Debug|Any CPU
		{39793BCC-DED0-4ED4-A260-C752A0344608}.Debug|Any CPU.Build.0 = Debug|Any CPU
		{39793BCC-DED0-4ED4-A260-C752A0344608}.Release|Any CPU.ActiveCfg = Release|Any CPU
		{39793BCC-DED0-4ED4-A260-C752A0344608}.Release|Any CPU.Build.0 = Release|Any CPU
	EndGlobalSection
	GlobalSection(SolutionProperties) = preSolution
		HideSolutionNode = FALSE
	EndGlobalSection
	GlobalSection(ExtensibilityGlobals) = postSolution
		SolutionGuid = {E08E055B-AD67-432C-8122-5A8A0B3D1BCF}
	EndGlobalSection
EndGlobal
